
Microsoft Visual Studio Solution File, Format Version 12.00
# Visual Studio 15
Project("{FAE04EC0-301F-11D3-BF4B-00C04F79EFBC}") = "QF.Action", "QF.Action.csproj", "{F96EB631-7628-567C-6309-18BBCC5E2235}"
EndProject
Project("{FAE04EC0-301F-11D3-BF4B-00C04F79EFBC}") = "UniRx", "UniRx.csproj", "{D6F13AFF-1A0E-D61C-C038-B47803A0B5CF}"
EndProject
Project("{FAE04EC0-301F-11D3-BF4B-00C04F79EFBC}") = "Assembly-CSharp", "Assembly-CSharp.csproj", "{CA0F72E2-A558-822A-A54D-DF6F143DD663}"
EndProject
Project("{FAE04EC0-301F-11D3-BF4B-00C04F79EFBC}") = "QF.Redux", "QF.Redux.csproj", "{FB1EAFFD-B405-495C-72D5-18B3BA191AEA}"
EndProject
Project("{FAE04EC0-301F-11D3-BF4B-00C04F79EFBC}") = "QF.Pool", "QF.Pool.csproj", "{293F3378-6FAF-76DD-A805-A84BF71F6E82}"
EndProject
Project("{FAE04EC0-301F-11D3-BF4B-00C04F79EFBC}") = "QF.IOC", "QF.IOC.csproj", "{9834AAC3-F4F7-DB6B-EC39-33BBB1EC4F36}"
EndProject
Project("{FAE04EC0-301F-11D3-BF4B-00C04F79EFBC}") = "HTTP", "HTTP.csproj", "{F9747135-4C58-3BF1-F7F3-01532EB0882D}"
EndProject
Project("{FAE04EC0-301F-11D3-BF4B-00C04F79EFBC}") = "QF.SimpleHelper", "QF.SimpleHelper.csproj", "{1BF35B11-EBE1-5A7F-0287-C3A2BA5374AD}"
EndProject
Project("{FAE04EC0-301F-11D3-BF4B-00C04F79EFBC}") = "QF.Singleton", "QF.Singleton.csproj", "{302CD1E7-1F35-C488-2D07-06289CD1A06E}"
EndProject
Project("{FAE04EC0-301F-11D3-BF4B-00C04F79EFBC}") = "QF.Extensions", "QF.Extensions.csproj", "{55B4FD44-11AA-E201-DEC2-FA19619C0EA5}"
EndProject
Project("{FAE04EC0-301F-11D3-BF4B-00C04F79EFBC}") = "QF.DVA", "QF.DVA.csproj", "{BF41B6F2-72F6-2AAE-18DE-91D30D68D289}"
EndProject
Project("{FAE04EC0-301F-11D3-BF4B-00C04F79EFBC}") = "Assembly-CSharp-Editor", "Assembly-CSharp-Editor.csproj", "{C116A53E-652B-107B-99FD-CA20B99E4328}"
EndProject
Global
	GlobalSection(SolutionConfigurationPlatforms) = preSolution
		Debug|Any CPU = Debug|Any CPU
		Release|Any CPU = Release|Any CPU
	EndGlobalSection
	GlobalSection(ProjectConfigurationPlatforms) = postSolution
		{F96EB631-7628-567C-6309-18BBCC5E2235}.Debug|Any CPU.ActiveCfg = Debug|Any CPU
		{F96EB631-7628-567C-6309-18BBCC5E2235}.Debug|Any CPU.Build.0 = Debug|Any CPU
		{F96EB631-7628-567C-6309-18BBCC5E2235}.Release|Any CPU.ActiveCfg = Release|Any CPU
		{F96EB631-7628-567C-6309-18BBCC5E2235}.Release|Any CPU.Build.0 = Release|Any CPU
		{D6F13AFF-1A0E-D61C-C038-B47803A0B5CF}.Debug|Any CPU.ActiveCfg = Debug|Any CPU
		{D6F13AFF-1A0E-D61C-C038-B47803A0B5CF}.Debug|Any CPU.Build.0 = Debug|Any CPU
		{D6F13AFF-1A0E-D61C-C038-B47803A0B5CF}.Release|Any CPU.ActiveCfg = Release|Any CPU
		{D6F13AFF-1A0E-D61C-C038-B47803A0B5CF}.Release|Any CPU.Build.0 = Release|Any CPU
		{CA0F72E2-A558-822A-A54D-DF6F143DD663}.Debug|Any CPU.ActiveCfg = Debug|Any CPU
		{CA0F72E2-A558-822A-A54D-DF6F143DD663}.Debug|Any CPU.Build.0 = Debug|Any CPU
		{CA0F72E2-A558-822A-A54D-DF6F143DD663}.Release|Any CPU.ActiveCfg = Release|Any CPU
		{CA0F72E2-A558-822A-A54D-DF6F143DD663}.Release|Any CPU.Build.0 = Release|Any CPU
		{FB1EAFFD-B405-495C-72D5-18B3BA191AEA}.Debug|Any CPU.ActiveCfg = Debug|Any CPU
		{FB1EAFFD-B405-495C-72D5-18B3BA191AEA}.Debug|Any CPU.Build.0 = Debug|Any CPU
		{FB1EAFFD-B405-495C-72D5-18B3BA191AEA}.Release|Any CPU.ActiveCfg = Release|Any CPU
		{FB1EAFFD-B405-495C-72D5-18B3BA191AEA}.Release|Any CPU.Build.0 = Release|Any CPU
		{293F3378-6FAF-76DD-A805-A84BF71F6E82}.Debug|Any CPU.ActiveCfg = Debug|Any CPU
		{293F3378-6FAF-76DD-A805-A84BF71F6E82}.Debug|Any CPU.Build.0 = Debug|Any CPU
		{293F3378-6FAF-76DD-A805-A84BF71F6E82}.Release|Any CPU.ActiveCfg = Release|Any CPU
		{293F3378-6FAF-76DD-A805-A84BF71F6E82}.Release|Any CPU.Build.0 = Release|Any CPU
		{9834AAC3-F4F7-DB6B-EC39-33BBB1EC4F36}.Debug|Any CPU.ActiveCfg = Debug|Any CPU
		{9834AAC3-F4F7-DB6B-EC39-33BBB1EC4F36}.Debug|Any CPU.Build.0 = Debug|Any CPU
		{9834AAC3-F4F7-DB6B-EC39-33BBB1EC4F36}.Release|Any CPU.ActiveCfg = Release|Any CPU
		{9834AAC3-F4F7-DB6B-EC39-33BBB1EC4F36}.Release|Any CPU.Build.0 = Release|Any CPU
		{F9747135-4C58-3BF1-F7F3-01532EB0882D}.Debug|Any CPU.ActiveCfg = Debug|Any CPU
		{F9747135-4C58-3BF1-F7F3-01532EB0882D}.Debug|Any CPU.Build.0 = Debug|Any CPU
		{F9747135-4C58-3BF1-F7F3-01532EB0882D}.Release|Any CPU.ActiveCfg = Release|Any CPU
		{F9747135-4C58-3BF1-F7F3-01532EB0882D}.Release|Any CPU.Build.0 = Release|Any CPU
		{1BF35B11-EBE1-5A7F-0287-C3A2BA5374AD}.Debug|Any CPU.ActiveCfg = Debug|Any CPU
		{1BF35B11-EBE1-5A7F-0287-C3A2BA5374AD}.Debug|Any CPU.Build.0 = Debug|Any CPU
		{1BF35B11-EBE1-5A7F-0287-C3A2BA5374AD}.Release|Any CPU.ActiveCfg = Release|Any CPU
		{1BF35B11-EBE1-5A7F-0287-C3A2BA5374AD}.Release|Any CPU.Build.0 = Release|Any CPU
		{302CD1E7-1F35-C488-2D07-06289CD1A06E}.Debug|Any CPU.ActiveCfg = Debug|Any CPU
		{302CD1E7-1F35-C488-2D07-06289CD1A06E}.Debug|Any CPU.Build.0 = Debug|Any CPU
		{302CD1E7-1F35-C488-2D07-06289CD1A06E}.Release|Any CPU.ActiveCfg = Release|Any CPU
		{302CD1E7-1F35-C488-2D07-06289CD1A06E}.Release|Any CPU.Build.0 = Release|Any CPU
		{55B4FD44-11AA-E201-DEC2-FA19619C0EA5}.Debug|Any CPU.ActiveCfg = Debug|Any CPU
		{55B4FD44-11AA-E201-DEC2-FA19619C0EA5}.Debug|Any CPU.Build.0 = Debug|Any CPU
		{55B4FD44-11AA-E201-DEC2-FA19619C0EA5}.Release|Any CPU.ActiveCfg = Release|Any CPU
		{55B4FD44-11AA-E201-DEC2-FA19619C0EA5}.Release|Any CPU.Build.0 = Release|Any CPU
		{BF41B6F2-72F6-2AAE-18DE-91D30D68D289}.Debug|Any CPU.ActiveCfg = Debug|Any CPU
		{BF41B6F2-72F6-2AAE-18DE-91D30D68D289}.Debug|Any CPU.Build.0 = Debug|Any CPU
		{BF41B6F2-72F6-2AAE-18DE-91D30D68D289}.Release|Any CPU.ActiveCfg = Release|Any CPU
		{BF41B6F2-72F6-2AAE-18DE-91D30D68D289}.Release|Any CPU.Build.0 = Release|Any CPU
		{C116A53E-652B-107B-99FD-CA20B99E4328}.Debug|Any CPU.ActiveCfg = Debug|Any CPU
		{C116A53E-652B-107B-99FD-CA20B99E4328}.Debug|Any CPU.Build.0 = Debug|Any CPU
		{C116A53E-652B-107B-99FD-CA20B99E4328}.Release|Any CPU.ActiveCfg = Release|Any CPU
		{C116A53E-652B-107B-99FD-CA20B99E4328}.Release|Any CPU.Build.0 = Release|Any CPU
	EndGlobalSection
	GlobalSection(SolutionProperties) = preSolution
		HideSolutionNode = FALSE
	EndGlobalSection
EndGlobal
